
Microsoft Visual Studio Solution File, Format Version 12.00
# Visual Studio Version 17
VisualStudioVersion = 17.0.31903.59
MinimumVisualStudioVersion = 10.0.40219.1
Project("{2150E333-8FDC-42A3-9474-1A3956D46DE8}") = "src", "src", "{DA95A370-5C91-45D9-B0E6-54B09D53E5A8}"
EndProject
Project("{2150E333-8FDC-42A3-9474-1A3956D46DE8}") = "Module1", "Module1", "{860B2CAB-2A71-4D05-8456-65C0F9BA4C1B}"
EndProject
Project("{2150E333-8FDC-42A3-9474-1A3956D46DE8}") = "Core", "Core", "{9BD8AD6D-1780-42D3-B30F-A8C2F5161463}"
EndProject
Project("{9A19103F-16F7-4668-BE54-9A1E7A4F7556}") = "Module1.Application", "src\Module1\Core\Module1.Application\Module1.Application.csproj", "{A17ACEA4-73A0-439D-9B15-4F7C80511148}"
EndProject
Project("{9A19103F-16F7-4668-BE54-9A1E7A4F7556}") = "Module1.Application.DI", "src\Module1\Core\Module1.Application.DI\Module1.Application.DI.csproj", "{88FCA5B9-4EF3-4EC5-ABB8-4AB567714489}"
EndProject
Project("{2150E333-8FDC-42A3-9474-1A3956D46DE8}") = "Infrastructure", "Infrastructure", "{10323294-0CA3-471B-84E4-5F84A856BA20}"
EndProject
Project("{9A19103F-16F7-4668-BE54-9A1E7A4F7556}") = "Module1.DataAccess", "src\Module1\Infrastructure\Module1.DataAccess\Module1.DataAccess.csproj", "{D080E34C-5DBC-49D1-AFE0-6298A37BB5B2}"
EndProject
Project("{9A19103F-16F7-4668-BE54-9A1E7A4F7556}") = "Module1.AutoMapper", "src\Module1\Infrastructure\Module1.AutoMapper\Module1.AutoMapper.csproj", "{24322ED2-960E-44B6-B8D5-B984034283BE}"
EndProject
Project("{9A19103F-16F7-4668-BE54-9A1E7A4F7556}") = "Module1.Infrastructure.DI", "src\Module1\Infrastructure\Module1.Infrastructure.DI\Module1.Infrastructure.DI.csproj", "{2B47B546-D37D-4479-8F74-7DFF48686C9A}"
EndProject
Project("{9A19103F-16F7-4668-BE54-9A1E7A4F7556}") = "Module1.EmailSender", "src\Module1\Infrastructure\Module1.EmailSender\Module1.EmailSender.csproj", "{0AB1A85B-F777-4DCB-9454-DD242E4F3994}"
EndProject
Project("{9A19103F-16F7-4668-BE54-9A1E7A4F7556}") = "Module1.SMSService", "src\Module1\Infrastructure\Module1.SMSService\Module1.SMSService.csproj", "{12898E50-1959-4DB0-AAA2-BA0F90BBDE54}"
EndProject
Project("{2150E333-8FDC-42A3-9474-1A3956D46DE8}") = "Presentation", "Presentation", "{8F4C9D90-4185-4A0C-88CB-ED5F6D1CCF98}"
EndProject
Project("{9A19103F-16F7-4668-BE54-9A1E7A4F7556}") = "Module1.Controller", "src\Module1\Presentation\Module1.Controller\Module1.Controller.csproj", "{E39D00FD-12BF-48FE-8230-E05ECFB7B740}"
EndProject
Project("{9A19103F-16F7-4668-BE54-9A1E7A4F7556}") = "Module1.DTO", "src\Module1\Presentation\Module1.DTO\Module1.DTO.csproj", "{6DED2535-C434-41CC-A13D-2826C460AF4D}"
EndProject
Project("{2150E333-8FDC-42A3-9474-1A3956D46DE8}") = "Contract", "Contract", "{86C22A46-4C06-412E-9386-C5D7A917591F}"
EndProject
Project("{9A19103F-16F7-4668-BE54-9A1E7A4F7556}") = "Module1.Validation", "src\Module1\Contract\Module1.Validation\Module1.Validation.csproj", "{E626B01F-8412-4774-9364-5822BDEE439F}"
EndProject
Project("{9A19103F-16F7-4668-BE54-9A1E7A4F7556}") = "Module1.Logic", "src\Module1\Contract\Module1.Logic\Module1.Logic.csproj", "{82D97F1F-67CE-4442-A778-4DFAFEF428E7}"
EndProject
Project("{2150E333-8FDC-42A3-9474-1A3956D46DE8}") = "Module2", "Module2", "{BA6E44A8-1C41-48CA-A372-7C678950FFE0}"
EndProject
Project("{2150E333-8FDC-42A3-9474-1A3956D46DE8}") = "Core", "Core", "{11BF44AD-A377-4912-8DA2-17108ABCB05D}"
EndProject
Project("{9A19103F-16F7-4668-BE54-9A1E7A4F7556}") = "Module2.Application", "src\Module2\Core\Module2.Application\Module2.Application.csproj", "{E6B8C1BF-B31A-4810-84F0-C2B5FCCE6606}"
EndProject
Project("{9A19103F-16F7-4668-BE54-9A1E7A4F7556}") = "Module2.Application.DI", "src\Module2\Core\Module2.Application.DI\Module2.Application.DI.csproj", "{7ED1F888-C105-4255-967A-A3FAE3F709C4}"
EndProject
Project("{2150E333-8FDC-42A3-9474-1A3956D46DE8}") = "Infrastructure", "Infrastructure", "{5B3940A2-5EDD-44B3-92C5-79CC8F1CF2A1}"
EndProject
Project("{9A19103F-16F7-4668-BE54-9A1E7A4F7556}") = "Module2.DataAccess", "src\Module2\Infrastructure\Module2.DataAccess\Module2.DataAccess.csproj", "{2100045E-A420-4B45-9D59-6DE88AE1681F}"
EndProject
Project("{9A19103F-16F7-4668-BE54-9A1E7A4F7556}") = "Module2.AutoMapper", "src\Module2\Infrastructure\Module2.AutoMapper\Module2.AutoMapper.csproj", "{55D12D34-9C37-4F5A-9174-358537E283E5}"
EndProject
Project("{9A19103F-16F7-4668-BE54-9A1E7A4F7556}") = "Module2.Infrastructure.DI", "src\Module2\Infrastructure\Module2.Infrastructure.DI\Module2.Infrastructure.DI.csproj", "{D4DB89B4-41D4-44DD-9630-EA12320B95A0}"
EndProject
Project("{9A19103F-16F7-4668-BE54-9A1E7A4F7556}") = "Module2.EmailSender", "src\Module2\Infrastructure\Module2.EmailSender\Module2.EmailSender.csproj", "{F528DFFA-484D-4CE4-B79B-8B69DB3016EB}"
EndProject
Project("{9A19103F-16F7-4668-BE54-9A1E7A4F7556}") = "Module2.SMSService", "src\Module2\Infrastructure\Module2.SMSService\Module2.SMSService.csproj", "{A17B2206-FC44-418D-AA3A-2FCD836BA9A2}"
EndProject
Project("{2150E333-8FDC-42A3-9474-1A3956D46DE8}") = "Presentation", "Presentation", "{C26B406E-D2DC-4913-A8E7-FD73B85E7319}"
EndProject
Project("{9A19103F-16F7-4668-BE54-9A1E7A4F7556}") = "Module2.Controller", "src\Module2\Presentation\Module2.Controller\Module2.Controller.csproj", "{2CAA2EB9-384F-4224-ABE7-8CD0906276CE}"
EndProject
Project("{9A19103F-16F7-4668-BE54-9A1E7A4F7556}") = "Module2.DTO", "src\Module2\Presentation\Module2.DTO\Module2.DTO.csproj", "{2666B28A-ABD1-44D9-BA3F-34A93174B002}"
EndProject
Project("{2150E333-8FDC-42A3-9474-1A3956D46DE8}") = "Contract", "Contract", "{9B4ECF10-D327-4411-B66C-7411AB93F428}"
EndProject
Project("{9A19103F-16F7-4668-BE54-9A1E7A4F7556}") = "Module2.Validation", "src\Module2\Contract\Module2.Validation\Module2.Validation.csproj", "{AAC9A581-E67A-4AA1-9EE6-9C0510370136}"
EndProject
Project("{9A19103F-16F7-4668-BE54-9A1E7A4F7556}") = "Module2.Logic", "src\Module2\Contract\Module2.Logic\Module2.Logic.csproj", "{8A6CF439-8007-4323-9A77-5CEF2AE57D43}"
EndProject
Project("{2150E333-8FDC-42A3-9474-1A3956D46DE8}") = "Test", "Test", "{DDB25BDA-F3ED-49A7-B38C-C070ABE6920E}"
EndProject
Project("{FAE04EC0-301F-11D3-BF4B-00C04F79EFBC}") = "Module1.UnitTest", "src\Module1\Test\Module1.UnitTest\Module1.UnitTest.csproj", "{4C1C6EDA-A0DE-4600-A086-32320ABC7F1A}"
EndProject
Project("{FAE04EC0-301F-11D3-BF4B-00C04F79EFBC}") = "Module1.IntegrationTest", "src\Module1\Test\Module1.IntegrationTest\Module1.IntegrationTest.csproj", "{70CB8FBA-C94D-4489-A48F-242372391647}"
EndProject
Project("{FAE04EC0-301F-11D3-BF4B-00C04F79EFBC}") = "WebAPI", "src\WebAPI\WebAPI.csproj", "{5AD42B01-912C-4CDD-80DB-7E0F38F95892}"
EndProject
Project("{2150E333-8FDC-42A3-9474-1A3956D46DE8}") = "Shared", "Shared", "{C03C7256-514B-417B-8D92-708FC3E32458}"
EndProject
Project("{FAE04EC0-301F-11D3-BF4B-00C04F79EFBC}") = "Shared.Core", "src\Shared\Shared.Core\Shared.Core.csproj", "{7F56CDC4-AB99-4938-9268-92C645BA454B}"
EndProject
Project("{FAE04EC0-301F-11D3-BF4B-00C04F79EFBC}") = "Shared.Infrastructure", "src\Shared\Shared.Infrastructure\Shared.Infrastructure.csproj", "{4168CEFF-0317-45F9-B9B3-3F9F7D10B508}"
EndProject
Project("{FAE04EC0-301F-11D3-BF4B-00C04F79EFBC}") = "Shared.Presentation", "src\Shared\Shared.Presentation\Shared.Presentation.csproj", "{2463067F-CAAA-4D33-9A19-F50B82E4F89A}"
EndProject
Project("{2150E333-8FDC-42A3-9474-1A3956D46DE8}") = "Test", "Test", "{63BBA167-4E5A-45C5-A501-6BD99AC1FAAE}"
EndProject
Project("{FAE04EC0-301F-11D3-BF4B-00C04F79EFBC}") = "Module2.UnitTest", "src\Module2\Test\Module2.UnitTest\Module2.UnitTest.csproj", "{26DF4B7B-754C-4211-845A-06128716FBD2}"
EndProject
Project("{FAE04EC0-301F-11D3-BF4B-00C04F79EFBC}") = "Module2.IntegrationTest", "src\Module2\Test\Module2.IntegrationTest\Module2.IntegrationTest.csproj", "{3A168487-E887-4EA4-A556-8D203A966F0F}"
EndProject
Global
	GlobalSection(SolutionConfigurationPlatforms) = preSolution
		Debug|Any CPU = Debug|Any CPU
		Release|Any CPU = Release|Any CPU
	EndGlobalSection
	GlobalSection(ProjectConfigurationPlatforms) = postSolution
		{A17ACEA4-73A0-439D-9B15-4F7C80511148}.Debug|Any CPU.ActiveCfg = Debug|Any CPU
		{A17ACEA4-73A0-439D-9B15-4F7C80511148}.Debug|Any CPU.Build.0 = Debug|Any CPU
		{A17ACEA4-73A0-439D-9B15-4F7C80511148}.Release|Any CPU.ActiveCfg = Release|Any CPU
		{A17ACEA4-73A0-439D-9B15-4F7C80511148}.Release|Any CPU.Build.0 = Release|Any CPU
		{88FCA5B9-4EF3-4EC5-ABB8-4AB567714489}.Debug|Any CPU.ActiveCfg = Debug|Any CPU
		{88FCA5B9-4EF3-4EC5-ABB8-4AB567714489}.Debug|Any CPU.Build.0 = Debug|Any CPU
		{88FCA5B9-4EF3-4EC5-ABB8-4AB567714489}.Release|Any CPU.ActiveCfg = Release|Any CPU
		{88FCA5B9-4EF3-4EC5-ABB8-4AB567714489}.Release|Any CPU.Build.0 = Release|Any CPU
		{D080E34C-5DBC-49D1-AFE0-6298A37BB5B2}.Debug|Any CPU.ActiveCfg = Debug|Any CPU
		{D080E34C-5DBC-49D1-AFE0-6298A37BB5B2}.Debug|Any CPU.Build.0 = Debug|Any CPU
		{D080E34C-5DBC-49D1-AFE0-6298A37BB5B2}.Release|Any CPU.ActiveCfg = Release|Any CPU
		{D080E34C-5DBC-49D1-AFE0-6298A37BB5B2}.Release|Any CPU.Build.0 = Release|Any CPU
		{24322ED2-960E-44B6-B8D5-B984034283BE}.Debug|Any CPU.ActiveCfg = Debug|Any CPU
		{24322ED2-960E-44B6-B8D5-B984034283BE}.Debug|Any CPU.Build.0 = Debug|Any CPU
		{24322ED2-960E-44B6-B8D5-B984034283BE}.Release|Any CPU.ActiveCfg = Release|Any CPU
		{24322ED2-960E-44B6-B8D5-B984034283BE}.Release|Any CPU.Build.0 = Release|Any CPU
		{2B47B546-D37D-4479-8F74-7DFF48686C9A}.Debug|Any CPU.ActiveCfg = Debug|Any CPU
		{2B47B546-D37D-4479-8F74-7DFF48686C9A}.Debug|Any CPU.Build.0 = Debug|Any CPU
		{2B47B546-D37D-4479-8F74-7DFF48686C9A}.Release|Any CPU.ActiveCfg = Release|Any CPU
		{2B47B546-D37D-4479-8F74-7DFF48686C9A}.Release|Any CPU.Build.0 = Release|Any CPU
		{0AB1A85B-F777-4DCB-9454-DD242E4F3994}.Debug|Any CPU.ActiveCfg = Debug|Any CPU
		{0AB1A85B-F777-4DCB-9454-DD242E4F3994}.Debug|Any CPU.Build.0 = Debug|Any CPU
		{0AB1A85B-F777-4DCB-9454-DD242E4F3994}.Release|Any CPU.ActiveCfg = Release|Any CPU
		{0AB1A85B-F777-4DCB-9454-DD242E4F3994}.Release|Any CPU.Build.0 = Release|Any CPU
		{12898E50-1959-4DB0-AAA2-BA0F90BBDE54}.Debug|Any CPU.ActiveCfg = Debug|Any CPU
		{12898E50-1959-4DB0-AAA2-BA0F90BBDE54}.Debug|Any CPU.Build.0 = Debug|Any CPU
		{12898E50-1959-4DB0-AAA2-BA0F90BBDE54}.Release|Any CPU.ActiveCfg = Release|Any CPU
		{12898E50-1959-4DB0-AAA2-BA0F90BBDE54}.Release|Any CPU.Build.0 = Release|Any CPU
		{E39D00FD-12BF-48FE-8230-E05ECFB7B740}.Debug|Any CPU.ActiveCfg = Debug|Any CPU
		{E39D00FD-12BF-48FE-8230-E05ECFB7B740}.Debug|Any CPU.Build.0 = Debug|Any CPU
		{E39D00FD-12BF-48FE-8230-E05ECFB7B740}.Release|Any CPU.ActiveCfg = Release|Any CPU
		{E39D00FD-12BF-48FE-8230-E05ECFB7B740}.Release|Any CPU.Build.0 = Release|Any CPU
		{6DED2535-C434-41CC-A13D-2826C460AF4D}.Debug|Any CPU.ActiveCfg = Debug|Any CPU
		{6DED2535-C434-41CC-A13D-2826C460AF4D}.Debug|Any CPU.Build.0 = Debug|Any CPU
		{6DED2535-C434-41CC-A13D-2826C460AF4D}.Release|Any CPU.ActiveCfg = Release|Any CPU
		{6DED2535-C434-41CC-A13D-2826C460AF4D}.Release|Any CPU.Build.0 = Release|Any CPU
		{E626B01F-8412-4774-9364-5822BDEE439F}.Debug|Any CPU.ActiveCfg = Debug|Any CPU
		{E626B01F-8412-4774-9364-5822BDEE439F}.Debug|Any CPU.Build.0 = Debug|Any CPU
		{E626B01F-8412-4774-9364-5822BDEE439F}.Release|Any CPU.ActiveCfg = Release|Any CPU
		{E626B01F-8412-4774-9364-5822BDEE439F}.Release|Any CPU.Build.0 = Release|Any CPU
		{82D97F1F-67CE-4442-A778-4DFAFEF428E7}.Debug|Any CPU.ActiveCfg = Debug|Any CPU
		{82D97F1F-67CE-4442-A778-4DFAFEF428E7}.Debug|Any CPU.Build.0 = Debug|Any CPU
		{82D97F1F-67CE-4442-A778-4DFAFEF428E7}.Release|Any CPU.ActiveCfg = Release|Any CPU
		{82D97F1F-67CE-4442-A778-4DFAFEF428E7}.Release|Any CPU.Build.0 = Release|Any CPU
		{E6B8C1BF-B31A-4810-84F0-C2B5FCCE6606}.Debug|Any CPU.ActiveCfg = Debug|Any CPU
		{E6B8C1BF-B31A-4810-84F0-C2B5FCCE6606}.Debug|Any CPU.Build.0 = Debug|Any CPU
		{E6B8C1BF-B31A-4810-84F0-C2B5FCCE6606}.Release|Any CPU.ActiveCfg = Release|Any CPU
		{E6B8C1BF-B31A-4810-84F0-C2B5FCCE6606}.Release|Any CPU.Build.0 = Release|Any CPU
		{7ED1F888-C105-4255-967A-A3FAE3F709C4}.Debug|Any CPU.ActiveCfg = Debug|Any CPU
		{7ED1F888-C105-4255-967A-A3FAE3F709C4}.Debug|Any CPU.Build.0 = Debug|Any CPU
		{7ED1F888-C105-4255-967A-A3FAE3F709C4}.Release|Any CPU.ActiveCfg = Release|Any CPU
		{7ED1F888-C105-4255-967A-A3FAE3F709C4}.Release|Any CPU.Build.0 = Release|Any CPU
		{2100045E-A420-4B45-9D59-6DE88AE1681F}.Debug|Any CPU.ActiveCfg = Debug|Any CPU
		{2100045E-A420-4B45-9D59-6DE88AE1681F}.Debug|Any CPU.Build.0 = Debug|Any CPU
		{2100045E-A420-4B45-9D59-6DE88AE1681F}.Release|Any CPU.ActiveCfg = Release|Any CPU
		{2100045E-A420-4B45-9D59-6DE88AE1681F}.Release|Any CPU.Build.0 = Release|Any CPU
		{55D12D34-9C37-4F5A-9174-358537E283E5}.Debug|Any CPU.ActiveCfg = Debug|Any CPU
		{55D12D34-9C37-4F5A-9174-358537E283E5}.Debug|Any CPU.Build.0 = Debug|Any CPU
		{55D12D34-9C37-4F5A-9174-358537E283E5}.Release|Any CPU.ActiveCfg = Release|Any CPU
		{55D12D34-9C37-4F5A-9174-358537E283E5}.Release|Any CPU.Build.0 = Release|Any CPU
		{D4DB89B4-41D4-44DD-9630-EA12320B95A0}.Debug|Any CPU.ActiveCfg = Debug|Any CPU
		{D4DB89B4-41D4-44DD-9630-EA12320B95A0}.Debug|Any CPU.Build.0 = Debug|Any CPU
		{D4DB89B4-41D4-44DD-9630-EA12320B95A0}.Release|Any CPU.ActiveCfg = Release|Any CPU
		{D4DB89B4-41D4-44DD-9630-EA12320B95A0}.Release|Any CPU.Build.0 = Release|Any CPU
		{F528DFFA-484D-4CE4-B79B-8B69DB3016EB}.Debug|Any CPU.ActiveCfg = Debug|Any CPU
		{F528DFFA-484D-4CE4-B79B-8B69DB3016EB}.Debug|Any CPU.Build.0 = Debug|Any CPU
		{F528DFFA-484D-4CE4-B79B-8B69DB3016EB}.Release|Any CPU.ActiveCfg = Release|Any CPU
		{F528DFFA-484D-4CE4-B79B-8B69DB3016EB}.Release|Any CPU.Build.0 = Release|Any CPU
		{A17B2206-FC44-418D-AA3A-2FCD836BA9A2}.Debug|Any CPU.ActiveCfg = Debug|Any CPU
		{A17B2206-FC44-418D-AA3A-2FCD836BA9A2}.Debug|Any CPU.Build.0 = Debug|Any CPU
		{A17B2206-FC44-418D-AA3A-2FCD836BA9A2}.Release|Any CPU.ActiveCfg = Release|Any CPU
		{A17B2206-FC44-418D-AA3A-2FCD836BA9A2}.Release|Any CPU.Build.0 = Release|Any CPU
		{2CAA2EB9-384F-4224-ABE7-8CD0906276CE}.Debug|Any CPU.ActiveCfg = Debug|Any CPU
		{2CAA2EB9-384F-4224-ABE7-8CD0906276CE}.Debug|Any CPU.Build.0 = Debug|Any CPU
		{2CAA2EB9-384F-4224-ABE7-8CD0906276CE}.Release|Any CPU.ActiveCfg = Release|Any CPU
		{2CAA2EB9-384F-4224-ABE7-8CD0906276CE}.Release|Any CPU.Build.0 = Release|Any CPU
		{2666B28A-ABD1-44D9-BA3F-34A93174B002}.Debug|Any CPU.ActiveCfg = Debug|Any CPU
		{2666B28A-ABD1-44D9-BA3F-34A93174B002}.Debug|Any CPU.Build.0 = Debug|Any CPU
		{2666B28A-ABD1-44D9-BA3F-34A93174B002}.Release|Any CPU.ActiveCfg = Release|Any CPU
		{2666B28A-ABD1-44D9-BA3F-34A93174B002}.Release|Any CPU.Build.0 = Release|Any CPU
		{AAC9A581-E67A-4AA1-9EE6-9C0510370136}.Debug|Any CPU.ActiveCfg = Debug|Any CPU
		{AAC9A581-E67A-4AA1-9EE6-9C0510370136}.Debug|Any CPU.Build.0 = Debug|Any CPU
		{AAC9A581-E67A-4AA1-9EE6-9C0510370136}.Release|Any CPU.ActiveCfg = Release|Any CPU
		{AAC9A581-E67A-4AA1-9EE6-9C0510370136}.Release|Any CPU.Build.0 = Release|Any CPU
		{8A6CF439-8007-4323-9A77-5CEF2AE57D43}.Debug|Any CPU.ActiveCfg = Debug|Any CPU
		{8A6CF439-8007-4323-9A77-5CEF2AE57D43}.Debug|Any CPU.Build.0 = Debug|Any CPU
		{8A6CF439-8007-4323-9A77-5CEF2AE57D43}.Release|Any CPU.ActiveCfg = Release|Any CPU
		{8A6CF439-8007-4323-9A77-5CEF2AE57D43}.Release|Any CPU.Build.0 = Release|Any CPU
		{4C1C6EDA-A0DE-4600-A086-32320ABC7F1A}.Debug|Any CPU.ActiveCfg = Debug|Any CPU
		{4C1C6EDA-A0DE-4600-A086-32320ABC7F1A}.Debug|Any CPU.Build.0 = Debug|Any CPU
		{4C1C6EDA-A0DE-4600-A086-32320ABC7F1A}.Release|Any CPU.ActiveCfg = Release|Any CPU
		{4C1C6EDA-A0DE-4600-A086-32320ABC7F1A}.Release|Any CPU.Build.0 = Release|Any CPU
		{70CB8FBA-C94D-4489-A48F-242372391647}.Debug|Any CPU.ActiveCfg = Debug|Any CPU
		{70CB8FBA-C94D-4489-A48F-242372391647}.Debug|Any CPU.Build.0 = Debug|Any CPU
		{70CB8FBA-C94D-4489-A48F-242372391647}.Release|Any CPU.ActiveCfg = Release|Any CPU
		{70CB8FBA-C94D-4489-A48F-242372391647}.Release|Any CPU.Build.0 = Release|Any CPU
		{5AD42B01-912C-4CDD-80DB-7E0F38F95892}.Debug|Any CPU.ActiveCfg = Debug|Any CPU
		{5AD42B01-912C-4CDD-80DB-7E0F38F95892}.Debug|Any CPU.Build.0 = Debug|Any CPU
		{5AD42B01-912C-4CDD-80DB-7E0F38F95892}.Release|Any CPU.ActiveCfg = Release|Any CPU
		{5AD42B01-912C-4CDD-80DB-7E0F38F95892}.Release|Any CPU.Build.0 = Release|Any CPU
		{7F56CDC4-AB99-4938-9268-92C645BA454B}.Debug|Any CPU.ActiveCfg = Debug|Any CPU
		{7F56CDC4-AB99-4938-9268-92C645BA454B}.Debug|Any CPU.Build.0 = Debug|Any CPU
		{7F56CDC4-AB99-4938-9268-92C645BA454B}.Release|Any CPU.ActiveCfg = Release|Any CPU
		{7F56CDC4-AB99-4938-9268-92C645BA454B}.Release|Any CPU.Build.0 = Release|Any CPU
		{4168CEFF-0317-45F9-B9B3-3F9F7D10B508}.Debug|Any CPU.ActiveCfg = Debug|Any CPU
		{4168CEFF-0317-45F9-B9B3-3F9F7D10B508}.Debug|Any CPU.Build.0 = Debug|Any CPU
		{4168CEFF-0317-45F9-B9B3-3F9F7D10B508}.Release|Any CPU.ActiveCfg = Release|Any CPU
		{4168CEFF-0317-45F9-B9B3-3F9F7D10B508}.Release|Any CPU.Build.0 = Release|Any CPU
		{2463067F-CAAA-4D33-9A19-F50B82E4F89A}.Debug|Any CPU.ActiveCfg = Debug|Any CPU
		{2463067F-CAAA-4D33-9A19-F50B82E4F89A}.Debug|Any CPU.Build.0 = Debug|Any CPU
		{2463067F-CAAA-4D33-9A19-F50B82E4F89A}.Release|Any CPU.ActiveCfg = Release|Any CPU
		{2463067F-CAAA-4D33-9A19-F50B82E4F89A}.Release|Any CPU.Build.0 = Release|Any CPU
		{26DF4B7B-754C-4211-845A-06128716FBD2}.Debug|Any CPU.ActiveCfg = Debug|Any CPU
		{26DF4B7B-754C-4211-845A-06128716FBD2}.Debug|Any CPU.Build.0 = Debug|Any CPU
		{26DF4B7B-754C-4211-845A-06128716FBD2}.Release|Any CPU.ActiveCfg = Release|Any CPU
		{26DF4B7B-754C-4211-845A-06128716FBD2}.Release|Any CPU.Build.0 = Release|Any CPU
		{3A168487-E887-4EA4-A556-8D203A966F0F}.Debug|Any CPU.ActiveCfg = Debug|Any CPU
		{3A168487-E887-4EA4-A556-8D203A966F0F}.Debug|Any CPU.Build.0 = Debug|Any CPU
		{3A168487-E887-4EA4-A556-8D203A966F0F}.Release|Any CPU.ActiveCfg = Release|Any CPU
		{3A168487-E887-4EA4-A556-8D203A966F0F}.Release|Any CPU.Build.0 = Release|Any CPU
	EndGlobalSection
	GlobalSection(SolutionProperties) = preSolution
		HideSolutionNode = FALSE
	EndGlobalSection
	GlobalSection(NestedProjects) = preSolution
		{860B2CAB-2A71-4D05-8456-65C0F9BA4C1B} = {DA95A370-5C91-45D9-B0E6-54B09D53E5A8}
		{9BD8AD6D-1780-42D3-B30F-A8C2F5161463} = {860B2CAB-2A71-4D05-8456-65C0F9BA4C1B}
		{A17ACEA4-73A0-439D-9B15-4F7C80511148} = {9BD8AD6D-1780-42D3-B30F-A8C2F5161463}
		{88FCA5B9-4EF3-4EC5-ABB8-4AB567714489} = {9BD8AD6D-1780-42D3-B30F-A8C2F5161463}
		{10323294-0CA3-471B-84E4-5F84A856BA20} = {860B2CAB-2A71-4D05-8456-65C0F9BA4C1B}
		{D080E34C-5DBC-49D1-AFE0-6298A37BB5B2} = {10323294-0CA3-471B-84E4-5F84A856BA20}
		{24322ED2-960E-44B6-B8D5-B984034283BE} = {10323294-0CA3-471B-84E4-5F84A856BA20}
		{2B47B546-D37D-4479-8F74-7DFF48686C9A} = {10323294-0CA3-471B-84E4-5F84A856BA20}
		{0AB1A85B-F777-4DCB-9454-DD242E4F3994} = {10323294-0CA3-471B-84E4-5F84A856BA20}
		{12898E50-1959-4DB0-AAA2-BA0F90BBDE54} = {10323294-0CA3-471B-84E4-5F84A856BA20}
		{8F4C9D90-4185-4A0C-88CB-ED5F6D1CCF98} = {860B2CAB-2A71-4D05-8456-65C0F9BA4C1B}
		{E39D00FD-12BF-48FE-8230-E05ECFB7B740} = {8F4C9D90-4185-4A0C-88CB-ED5F6D1CCF98}
		{6DED2535-C434-41CC-A13D-2826C460AF4D} = {8F4C9D90-4185-4A0C-88CB-ED5F6D1CCF98}
		{86C22A46-4C06-412E-9386-C5D7A917591F} = {860B2CAB-2A71-4D05-8456-65C0F9BA4C1B}
		{E626B01F-8412-4774-9364-5822BDEE439F} = {86C22A46-4C06-412E-9386-C5D7A917591F}
		{82D97F1F-67CE-4442-A778-4DFAFEF428E7} = {86C22A46-4C06-412E-9386-C5D7A917591F}
		{BA6E44A8-1C41-48CA-A372-7C678950FFE0} = {DA95A370-5C91-45D9-B0E6-54B09D53E5A8}
		{11BF44AD-A377-4912-8DA2-17108ABCB05D} = {BA6E44A8-1C41-48CA-A372-7C678950FFE0}
		{E6B8C1BF-B31A-4810-84F0-C2B5FCCE6606} = {11BF44AD-A377-4912-8DA2-17108ABCB05D}
		{7ED1F888-C105-4255-967A-A3FAE3F709C4} = {11BF44AD-A377-4912-8DA2-17108ABCB05D}
		{5B3940A2-5EDD-44B3-92C5-79CC8F1CF2A1} = {BA6E44A8-1C41-48CA-A372-7C678950FFE0}
		{2100045E-A420-4B45-9D59-6DE88AE1681F} = {5B3940A2-5EDD-44B3-92C5-79CC8F1CF2A1}
		{55D12D34-9C37-4F5A-9174-358537E283E5} = {5B3940A2-5EDD-44B3-92C5-79CC8F1CF2A1}
		{D4DB89B4-41D4-44DD-9630-EA12320B95A0} = {5B3940A2-5EDD-44B3-92C5-79CC8F1CF2A1}
		{F528DFFA-484D-4CE4-B79B-8B69DB3016EB} = {5B3940A2-5EDD-44B3-92C5-79CC8F1CF2A1}
		{A17B2206-FC44-418D-AA3A-2FCD836BA9A2} = {5B3940A2-5EDD-44B3-92C5-79CC8F1CF2A1}
		{C26B406E-D2DC-4913-A8E7-FD73B85E7319} = {BA6E44A8-1C41-48CA-A372-7C678950FFE0}
		{2CAA2EB9-384F-4224-ABE7-8CD0906276CE} = {C26B406E-D2DC-4913-A8E7-FD73B85E7319}
		{2666B28A-ABD1-44D9-BA3F-34A93174B002} = {C26B406E-D2DC-4913-A8E7-FD73B85E7319}
		{9B4ECF10-D327-4411-B66C-7411AB93F428} = {BA6E44A8-1C41-48CA-A372-7C678950FFE0}
		{AAC9A581-E67A-4AA1-9EE6-9C0510370136} = {9B4ECF10-D327-4411-B66C-7411AB93F428}
		{8A6CF439-8007-4323-9A77-5CEF2AE57D43} = {9B4ECF10-D327-4411-B66C-7411AB93F428}
		{DDB25BDA-F3ED-49A7-B38C-C070ABE6920E} = {860B2CAB-2A71-4D05-8456-65C0F9BA4C1B}
		{4C1C6EDA-A0DE-4600-A086-32320ABC7F1A} = {DDB25BDA-F3ED-49A7-B38C-C070ABE6920E}
		{70CB8FBA-C94D-4489-A48F-242372391647} = {DDB25BDA-F3ED-49A7-B38C-C070ABE6920E}
		{5AD42B01-912C-4CDD-80DB-7E0F38F95892} = {DA95A370-5C91-45D9-B0E6-54B09D53E5A8}
		{C03C7256-514B-417B-8D92-708FC3E32458} = {DA95A370-5C91-45D9-B0E6-54B09D53E5A8}
		{7F56CDC4-AB99-4938-9268-92C645BA454B} = {C03C7256-514B-417B-8D92-708FC3E32458}
		{4168CEFF-0317-45F9-B9B3-3F9F7D10B508} = {C03C7256-514B-417B-8D92-708FC3E32458}
		{2463067F-CAAA-4D33-9A19-F50B82E4F89A} = {C03C7256-514B-417B-8D92-708FC3E32458}
		{63BBA167-4E5A-45C5-A501-6BD99AC1FAAE} = {BA6E44A8-1C41-48CA-A372-7C678950FFE0}
		{26DF4B7B-754C-4211-845A-06128716FBD2} = {63BBA167-4E5A-45C5-A501-6BD99AC1FAAE}
		{3A168487-E887-4EA4-A556-8D203A966F0F} = {63BBA167-4E5A-45C5-A501-6BD99AC1FAAE}
	EndGlobalSection
EndGlobal
